
Microsoft Visual Studio Solution File, Format Version 12.00
# Visual Studio Version 16
VisualStudioVersion = 16.0.30717.126
MinimumVisualStudioVersion = 10.0.40219.1
Project("{2150E333-8FDC-42A3-9474-1A3956D46DE8}") = "web", "web", "{59274F45-01E1-46D6-8E3D-B097D2B6E819}"
EndProject
Project("{9A19103F-16F7-4668-BE54-9A1E7A4F7556}") = "MvcAndWebApiDotNetFive", "web\MvcSample\MvcAndWebApiDotNetFive.csproj", "{71E2F156-BD4E-4FC5-8CFF-991688AC0680}"
EndProject
Project("{2150E333-8FDC-42A3-9474-1A3956D46DE8}") = "tests", "tests", "{F4083A69-90A5-4D64-A829-F724161371D3}"
EndProject
Project("{2150E333-8FDC-42A3-9474-1A3956D46DE8}") = "src", "src", "{5A0FEE30-0C86-4938-ABD2-F44C79E06AC4}"
EndProject
Project("{9A19103F-16F7-4668-BE54-9A1E7A4F7556}") = "BenchmarkNetPlayground", "BenchmarkNetPlayground\BenchmarkNetPlayground.csproj", "{269C460F-EF8B-43E4-AF45-D0907C225D59}"
EndProject
Project("{2150E333-8FDC-42A3-9474-1A3956D46DE8}") = "3.1", "3.1", "{B7AF29AE-97D2-4783-B885-18018FCBA40B}"
EndProject
Project("{2150E333-8FDC-42A3-9474-1A3956D46DE8}") = "5.x", "5.x", "{A83FD120-42DA-44B7-BB7C-0B00BB855383}"
EndProject
Project("{9A19103F-16F7-4668-BE54-9A1E7A4F7556}") = "MvcAndWebApiDotNetThree", "MvcAndWebApiDotNetThree\MvcAndWebApiDotNetThree.csproj", "{A1241279-CC56-4392-8908-471D6AF8D5AB}"
EndProject
Project("{2150E333-8FDC-42A3-9474-1A3956D46DE8}") = "sharedlibraries", "sharedlibraries", "{EF419EB5-16B9-4433-A91D-53E06D30CD1A}"
EndProject
Project("{9A19103F-16F7-4668-BE54-9A1E7A4F7556}") = "PatternsAndConcepts", "PerformanceConcepts\PatternsAndConcepts.csproj", "{2D2CDA3B-50A3-4A57-B20F-CAAE9FB54A27}"
EndProject
Project("{2150E333-8FDC-42A3-9474-1A3956D46DE8}") = "Legacy", "Legacy", "{CCE068EE-BF0C-4814-82F5-A032701C779D}"
EndProject
Project("{FAE04EC0-301F-11D3-BF4B-00C04F79EFBC}") = "MvcAndWebApiDotNetLegacy", "MvcAndWebApiDotNetLegacy\MvcAndWebApiDotNetLegacy.csproj", "{BAA1D16D-41D9-42F9-91A9-DE0E7EAC5B1B}"
EndProject
Project("{2150E333-8FDC-42A3-9474-1A3956D46DE8}") = "Solution Items", "Solution Items", "{DF726A0E-EF3E-4B23-99C1-77F6AFD5CFAF}"
	ProjectSection(SolutionItems) = preProject
		.editorconfig = .editorconfig
	EndProjectSection
EndProject
Project("{FAE04EC0-301F-11D3-BF4B-00C04F79EFBC}") = "SandboxConsoleApp", "SandboxConsoleApp\SandboxConsoleApp.csproj", "{52DEBFA3-D330-4F84-A639-0AAA52CBB894}"
EndProject
Global
	GlobalSection(SolutionConfigurationPlatforms) = preSolution
		Debug|Any CPU = Debug|Any CPU
		Release|Any CPU = Release|Any CPU
	EndGlobalSection
	GlobalSection(ProjectConfigurationPlatforms) = postSolution
		{71E2F156-BD4E-4FC5-8CFF-991688AC0680}.Debug|Any CPU.ActiveCfg = Debug|Any CPU
		{71E2F156-BD4E-4FC5-8CFF-991688AC0680}.Debug|Any CPU.Build.0 = Debug|Any CPU
		{71E2F156-BD4E-4FC5-8CFF-991688AC0680}.Release|Any CPU.ActiveCfg = Release|Any CPU
		{71E2F156-BD4E-4FC5-8CFF-991688AC0680}.Release|Any CPU.Build.0 = Release|Any CPU
		{269C460F-EF8B-43E4-AF45-D0907C225D59}.Debug|Any CPU.ActiveCfg = Debug|Any CPU
		{269C460F-EF8B-43E4-AF45-D0907C225D59}.Debug|Any CPU.Build.0 = Debug|Any CPU
		{269C460F-EF8B-43E4-AF45-D0907C225D59}.Release|Any CPU.ActiveCfg = Release|Any CPU
		{269C460F-EF8B-43E4-AF45-D0907C225D59}.Release|Any CPU.Build.0 = Release|Any CPU
		{A1241279-CC56-4392-8908-471D6AF8D5AB}.Debug|Any CPU.ActiveCfg = Debug|Any CPU
		{A1241279-CC56-4392-8908-471D6AF8D5AB}.Debug|Any CPU.Build.0 = Debug|Any CPU
		{A1241279-CC56-4392-8908-471D6AF8D5AB}.Release|Any CPU.ActiveCfg = Release|Any CPU
		{A1241279-CC56-4392-8908-471D6AF8D5AB}.Release|Any CPU.Build.0 = Release|Any CPU
		{2D2CDA3B-50A3-4A57-B20F-CAAE9FB54A27}.Debug|Any CPU.ActiveCfg = Debug|Any CPU
		{2D2CDA3B-50A3-4A57-B20F-CAAE9FB54A27}.Debug|Any CPU.Build.0 = Debug|Any CPU
		{2D2CDA3B-50A3-4A57-B20F-CAAE9FB54A27}.Release|Any CPU.ActiveCfg = Release|Any CPU
		{2D2CDA3B-50A3-4A57-B20F-CAAE9FB54A27}.Release|Any CPU.Build.0 = Release|Any CPU
		{BAA1D16D-41D9-42F9-91A9-DE0E7EAC5B1B}.Debug|Any CPU.ActiveCfg = Debug|Any CPU
		{BAA1D16D-41D9-42F9-91A9-DE0E7EAC5B1B}.Debug|Any CPU.Build.0 = Debug|Any CPU
		{BAA1D16D-41D9-42F9-91A9-DE0E7EAC5B1B}.Release|Any CPU.ActiveCfg = Release|Any CPU
		{BAA1D16D-41D9-42F9-91A9-DE0E7EAC5B1B}.Release|Any CPU.Build.0 = Release|Any CPU
		{52DEBFA3-D330-4F84-A639-0AAA52CBB894}.Debug|Any CPU.ActiveCfg = Debug|Any CPU
		{52DEBFA3-D330-4F84-A639-0AAA52CBB894}.Debug|Any CPU.Build.0 = Debug|Any CPU
		{52DEBFA3-D330-4F84-A639-0AAA52CBB894}.Release|Any CPU.ActiveCfg = Release|Any CPU
		{52DEBFA3-D330-4F84-A639-0AAA52CBB894}.Release|Any CPU.Build.0 = Release|Any CPU
	EndGlobalSection
	GlobalSection(SolutionProperties) = preSolution
		HideSolutionNode = FALSE
	EndGlobalSection
	GlobalSection(NestedProjects) = preSolution
		{59274F45-01E1-46D6-8E3D-B097D2B6E819} = {5A0FEE30-0C86-4938-ABD2-F44C79E06AC4}
		{71E2F156-BD4E-4FC5-8CFF-991688AC0680} = {A83FD120-42DA-44B7-BB7C-0B00BB855383}
		{269C460F-EF8B-43E4-AF45-D0907C225D59} = {F4083A69-90A5-4D64-A829-F724161371D3}
		{B7AF29AE-97D2-4783-B885-18018FCBA40B} = {59274F45-01E1-46D6-8E3D-B097D2B6E819}
		{A83FD120-42DA-44B7-BB7C-0B00BB855383} = {59274F45-01E1-46D6-8E3D-B097D2B6E819}
		{A1241279-CC56-4392-8908-471D6AF8D5AB} = {B7AF29AE-97D2-4783-B885-18018FCBA40B}
		{EF419EB5-16B9-4433-A91D-53E06D30CD1A} = {5A0FEE30-0C86-4938-ABD2-F44C79E06AC4}
		{2D2CDA3B-50A3-4A57-B20F-CAAE9FB54A27} = {EF419EB5-16B9-4433-A91D-53E06D30CD1A}
		{CCE068EE-BF0C-4814-82F5-A032701C779D} = {59274F45-01E1-46D6-8E3D-B097D2B6E819}
		{BAA1D16D-41D9-42F9-91A9-DE0E7EAC5B1B} = {CCE068EE-BF0C-4814-82F5-A032701C779D}
		{52DEBFA3-D330-4F84-A639-0AAA52CBB894} = {F4083A69-90A5-4D64-A829-F724161371D3}
	EndGlobalSection
	GlobalSection(ExtensibilityGlobals) = postSolution
		SolutionGuid = {1C00310B-59F5-4369-9FD4-BE64B314CCBE}
	EndGlobalSection
EndGlobal
